// !$*UTF8*$!
{
	archiveVersion = 1;
	classes = {
	};
	objectVersion = 52;
	objects = {

/* Begin PBXBuildFile section */
		0F32E88A2701A6A200F8BBC1 /* Tests_iOS.swift in Sources */ = {isa = PBXBuildFile; fileRef = 0F32E8892701A6A200F8BBC1 /* Tests_iOS.swift */; };
		0F32E8952701A6A200F8BBC1 /* Tests_macOS.swift in Sources */ = {isa = PBXBuildFile; fileRef = 0F32E8942701A6A200F8BBC1 /* Tests_macOS.swift */; };
		0F32E89B2701A6A200F8BBC1 /* Assets.xcassets in Resources */ = {isa = PBXBuildFile; fileRef = 0F32E8702701A6A200F8BBC1 /* Assets.xcassets */; };
		0F32E89C2701A6A200F8BBC1 /* Assets.xcassets in Resources */ = {isa = PBXBuildFile; fileRef = 0F32E8702701A6A200F8BBC1 /* Assets.xcassets */; };
		0F32E8CB2701A7FE00F8BBC1 /* ViewController.swift in Sources */ = {isa = PBXBuildFile; fileRef = 0F32E8C62701A7FE00F8BBC1 /* ViewController.swift */; };
		0F32E8CD2701A7FE00F8BBC1 /* View.swift in Sources */ = {isa = PBXBuildFile; fileRef = 0F32E8C72701A7FE00F8BBC1 /* View.swift */; };
		0F32E8CF2701A7FE00F8BBC1 /* ExampleBottomSheetView.swift in Sources */ = {isa = PBXBuildFile; fileRef = 0F32E8C92701A7FE00F8BBC1 /* ExampleBottomSheetView.swift */; };
		0F32E8D12701A7FE00F8BBC1 /* ViewModel.swift in Sources */ = {isa = PBXBuildFile; fileRef = 0F32E8CA2701A7FE00F8BBC1 /* ViewModel.swift */; };
		0F32E8DA2701AB2200F8BBC1 /* BottomSheet in Frameworks */ = {isa = PBXBuildFile; productRef = 0F32E8D92701AB2200F8BBC1 /* BottomSheet */; };
		0F32E8EC2701B2B900F8BBC1 /* AppDelegate.swift in Sources */ = {isa = PBXBuildFile; fileRef = 0F32E8EB2701B2B900F8BBC1 /* AppDelegate.swift */; };
		0F32E8F92701B31C00F8BBC1 /* LaunchScreen.storyboard in Resources */ = {isa = PBXBuildFile; fileRef = 0F32E8F72701B31C00F8BBC1 /* LaunchScreen.storyboard */; };
		0F32E8FA2701B31C00F8BBC1 /* LaunchScreen.storyboard in Resources */ = {isa = PBXBuildFile; fileRef = 0F32E8F72701B31C00F8BBC1 /* LaunchScreen.storyboard */; };
/* End PBXBuildFile section */

/* Begin PBXContainerItemProxy section */
		0F32E8862701A6A200F8BBC1 /* PBXContainerItemProxy */ = {
			isa = PBXContainerItemProxy;
			containerPortal = 0F32E8692701A6A000F8BBC1 /* Project object */;
			proxyType = 1;
			remoteGlobalIDString = 0F32E8742701A6A200F8BBC1;
			remoteInfo = "KlapzSdkIOS (iOS)";
		};
		0F32E8912701A6A200F8BBC1 /* PBXContainerItemProxy */ = {
			isa = PBXContainerItemProxy;
			containerPortal = 0F32E8692701A6A000F8BBC1 /* Project object */;
			proxyType = 1;
			remoteGlobalIDString = 0F32E87C2701A6A200F8BBC1;
			remoteInfo = "KlapzSdkIOS (macOS)";
		};
/* End PBXContainerItemProxy section */

/* Begin PBXFileReference section */
		0F32E8702701A6A200F8BBC1 /* Assets.xcassets */ = {isa = PBXFileReference; lastKnownFileType = folder.assetcatalog; path = Assets.xcassets; sourceTree = "<group>"; };
		0F32E8752701A6A200F8BBC1 /* KlapzSdkIOS.app */ = {isa = PBXFileReference; explicitFileType = wrapper.application; includeInIndex = 0; path = KlapzSdkIOS.app; sourceTree = BUILT_PRODUCTS_DIR; };
		0F32E8782701A6A200F8BBC1 /* Info.plist */ = {isa = PBXFileReference; lastKnownFileType = text.plist.xml; path = Info.plist; sourceTree = "<group>"; };
		0F32E87D2701A6A200F8BBC1 /* KlapzSdkIOS.app */ = {isa = PBXFileReference; explicitFileType = wrapper.application; includeInIndex = 0; path = KlapzSdkIOS.app; sourceTree = BUILT_PRODUCTS_DIR; };
		0F32E87F2701A6A200F8BBC1 /* Info.plist */ = {isa = PBXFileReference; lastKnownFileType = text.plist.xml; path = Info.plist; sourceTree = "<group>"; };
		0F32E8802701A6A200F8BBC1 /* macOS.entitlements */ = {isa = PBXFileReference; lastKnownFileType = text.plist.entitlements; path = macOS.entitlements; sourceTree = "<group>"; };
		0F32E8852701A6A200F8BBC1 /* Tests iOS.xctest */ = {isa = PBXFileReference; explicitFileType = wrapper.cfbundle; includeInIndex = 0; path = "Tests iOS.xctest"; sourceTree = BUILT_PRODUCTS_DIR; };
		0F32E8892701A6A200F8BBC1 /* Tests_iOS.swift */ = {isa = PBXFileReference; lastKnownFileType = sourcecode.swift; path = Tests_iOS.swift; sourceTree = "<group>"; };
		0F32E88B2701A6A200F8BBC1 /* Info.plist */ = {isa = PBXFileReference; lastKnownFileType = text.plist.xml; path = Info.plist; sourceTree = "<group>"; };
		0F32E8902701A6A200F8BBC1 /* Tests macOS.xctest */ = {isa = PBXFileReference; explicitFileType = wrapper.cfbundle; includeInIndex = 0; path = "Tests macOS.xctest"; sourceTree = BUILT_PRODUCTS_DIR; };
		0F32E8942701A6A200F8BBC1 /* Tests_macOS.swift */ = {isa = PBXFileReference; lastKnownFileType = sourcecode.swift; path = Tests_macOS.swift; sourceTree = "<group>"; };
		0F32E8962701A6A200F8BBC1 /* Info.plist */ = {isa = PBXFileReference; lastKnownFileType = text.plist.xml; path = Info.plist; sourceTree = "<group>"; };
		0F32E8C62701A7FE00F8BBC1 /* ViewController.swift */ = {isa = PBXFileReference; fileEncoding = 4; lastKnownFileType = sourcecode.swift; path = ViewController.swift; sourceTree = "<group>"; };
		0F32E8C72701A7FE00F8BBC1 /* View.swift */ = {isa = PBXFileReference; fileEncoding = 4; lastKnownFileType = sourcecode.swift; path = View.swift; sourceTree = "<group>"; };
		0F32E8C92701A7FE00F8BBC1 /* ExampleBottomSheetView.swift */ = {isa = PBXFileReference; fileEncoding = 4; lastKnownFileType = sourcecode.swift; path = ExampleBottomSheetView.swift; sourceTree = "<group>"; };
		0F32E8CA2701A7FE00F8BBC1 /* ViewModel.swift */ = {isa = PBXFileReference; fileEncoding = 4; lastKnownFileType = sourcecode.swift; path = ViewModel.swift; sourceTree = "<group>"; };
		0F32E8EB2701B2B900F8BBC1 /* AppDelegate.swift */ = {isa = PBXFileReference; fileEncoding = 4; lastKnownFileType = sourcecode.swift; path = AppDelegate.swift; sourceTree = "<group>"; };
		0F32E8F82701B31C00F8BBC1 /* Base */ = {isa = PBXFileReference; lastKnownFileType = file.storyboard; name = Base; path = Base.lproj/LaunchScreen.storyboard; sourceTree = "<group>"; };
/* End PBXFileReference section */

/* Begin PBXFrameworksBuildPhase section */
		0F32E8722701A6A200F8BBC1 /* Frameworks */ = {
			isa = PBXFrameworksBuildPhase;
			buildActionMask = 2147483647;
			files = (
				0F32E8DA2701AB2200F8BBC1 /* BottomSheet in Frameworks */,
			);
			runOnlyForDeploymentPostprocessing = 0;
		};
		0F32E87A2701A6A200F8BBC1 /* Frameworks */ = {
			isa = PBXFrameworksBuildPhase;
			buildActionMask = 2147483647;
			files = (
			);
			runOnlyForDeploymentPostprocessing = 0;
		};
		0F32E8822701A6A200F8BBC1 /* Frameworks */ = {
			isa = PBXFrameworksBuildPhase;
			buildActionMask = 2147483647;
			files = (
			);
			runOnlyForDeploymentPostprocessing = 0;
		};
		0F32E88D2701A6A200F8BBC1 /* Frameworks */ = {
			isa = PBXFrameworksBuildPhase;
			buildActionMask = 2147483647;
			files = (
			);
			runOnlyForDeploymentPostprocessing = 0;
		};
/* End PBXFrameworksBuildPhase section */

/* Begin PBXGroup section */
		0F32E8682701A6A000F8BBC1 = {
			isa = PBXGroup;
			children = (
				0F32E86D2701A6A000F8BBC1 /* Shared */,
				0F32E8772701A6A200F8BBC1 /* iOS */,
				0F32E87E2701A6A200F8BBC1 /* macOS */,
				0F32E8882701A6A200F8BBC1 /* Tests iOS */,
				0F32E8932701A6A200F8BBC1 /* Tests macOS */,
				0F32E8762701A6A200F8BBC1 /* Products */,
			);
			sourceTree = "<group>";
		};
		0F32E86D2701A6A000F8BBC1 /* Shared */ = {
			isa = PBXGroup;
			children = (
				0F32E8F62701B31C00F8BBC1 /* Storyboards */,
				0F32E8EB2701B2B900F8BBC1 /* AppDelegate.swift */,
				0F32E8C52701A7FE00F8BBC1 /* Main */,
				0F32E8702701A6A200F8BBC1 /* Assets.xcassets */,
			);
			path = Shared;
			sourceTree = "<group>";
		};
		0F32E8762701A6A200F8BBC1 /* Products */ = {
			isa = PBXGroup;
			children = (
				0F32E8752701A6A200F8BBC1 /* KlapzSdkIOS.app */,
				0F32E87D2701A6A200F8BBC1 /* KlapzSdkIOS.app */,
				0F32E8852701A6A200F8BBC1 /* Tests iOS.xctest */,
				0F32E8902701A6A200F8BBC1 /* Tests macOS.xctest */,
			);
			name = Products;
			sourceTree = "<group>";
		};
		0F32E8772701A6A200F8BBC1 /* iOS */ = {
			isa = PBXGroup;
			children = (
				0F32E8782701A6A200F8BBC1 /* Info.plist */,
			);
			path = iOS;
			sourceTree = "<group>";
		};
		0F32E87E2701A6A200F8BBC1 /* macOS */ = {
			isa = PBXGroup;
			children = (
				0F32E87F2701A6A200F8BBC1 /* Info.plist */,
				0F32E8802701A6A200F8BBC1 /* macOS.entitlements */,
			);
			path = macOS;
			sourceTree = "<group>";
		};
		0F32E8882701A6A200F8BBC1 /* Tests iOS */ = {
			isa = PBXGroup;
			children = (
				0F32E8892701A6A200F8BBC1 /* Tests_iOS.swift */,
				0F32E88B2701A6A200F8BBC1 /* Info.plist */,
			);
			path = "Tests iOS";
			sourceTree = "<group>";
		};
		0F32E8932701A6A200F8BBC1 /* Tests macOS */ = {
			isa = PBXGroup;
			children = (
				0F32E8942701A6A200F8BBC1 /* Tests_macOS.swift */,
				0F32E8962701A6A200F8BBC1 /* Info.plist */,
			);
			path = "Tests macOS";
			sourceTree = "<group>";
		};
		0F32E8C52701A7FE00F8BBC1 /* Main */ = {
			isa = PBXGroup;
			children = (
				0F32E8C62701A7FE00F8BBC1 /* ViewController.swift */,
				0F32E8C72701A7FE00F8BBC1 /* View.swift */,
				0F32E8C82701A7FE00F8BBC1 /* ExampleBottomSheet */,
				0F32E8CA2701A7FE00F8BBC1 /* ViewModel.swift */,
			);
			path = Main;
			sourceTree = "<group>";
		};
		0F32E8C82701A7FE00F8BBC1 /* ExampleBottomSheet */ = {
			isa = PBXGroup;
			children = (
				0F32E8C92701A7FE00F8BBC1 /* ExampleBottomSheetView.swift */,
			);
			path = ExampleBottomSheet;
			sourceTree = "<group>";
		};
		0F32E8F62701B31C00F8BBC1 /* Storyboards */ = {
			isa = PBXGroup;
			children = (
				0F32E8F72701B31C00F8BBC1 /* LaunchScreen.storyboard */,
			);
			path = Storyboards;
			sourceTree = "<group>";
		};
/* End PBXGroup section */

/* Begin PBXNativeTarget section */
		0F32E8742701A6A200F8BBC1 /* KlapzSdkIOS (iOS) */ = {
			isa = PBXNativeTarget;
			buildConfigurationList = 0F32E89F2701A6A200F8BBC1 /* Build configuration list for PBXNativeTarget "KlapzSdkIOS (iOS)" */;
			buildPhases = (
				0F32E8712701A6A200F8BBC1 /* Sources */,
				0F32E8722701A6A200F8BBC1 /* Frameworks */,
				0F32E8732701A6A200F8BBC1 /* Resources */,
			);
			buildRules = (
			);
			dependencies = (
			);
			name = "KlapzSdkIOS (iOS)";
			packageProductDependencies = (
				0F32E8D92701AB2200F8BBC1 /* BottomSheet */,
			);
			productName = "KlapzSdkIOS (iOS)";
			productReference = 0F32E8752701A6A200F8BBC1 /* KlapzSdkIOS.app */;
			productType = "com.apple.product-type.application";
		};
		0F32E87C2701A6A200F8BBC1 /* KlapzSdkIOS (macOS) */ = {
			isa = PBXNativeTarget;
			buildConfigurationList = 0F32E8A22701A6A200F8BBC1 /* Build configuration list for PBXNativeTarget "KlapzSdkIOS (macOS)" */;
			buildPhases = (
				0F32E8792701A6A200F8BBC1 /* Sources */,
				0F32E87A2701A6A200F8BBC1 /* Frameworks */,
				0F32E87B2701A6A200F8BBC1 /* Resources */,
			);
			buildRules = (
			);
			dependencies = (
			);
			name = "KlapzSdkIOS (macOS)";
			productName = "KlapzSdkIOS (macOS)";
			productReference = 0F32E87D2701A6A200F8BBC1 /* KlapzSdkIOS.app */;
			productType = "com.apple.product-type.application";
		};
		0F32E8842701A6A200F8BBC1 /* Tests iOS */ = {
			isa = PBXNativeTarget;
			buildConfigurationList = 0F32E8A52701A6A200F8BBC1 /* Build configuration list for PBXNativeTarget "Tests iOS" */;
			buildPhases = (
				0F32E8812701A6A200F8BBC1 /* Sources */,
				0F32E8822701A6A200F8BBC1 /* Frameworks */,
				0F32E8832701A6A200F8BBC1 /* Resources */,
			);
			buildRules = (
			);
			dependencies = (
				0F32E8872701A6A200F8BBC1 /* PBXTargetDependency */,
			);
			name = "Tests iOS";
			productName = "Tests iOS";
			productReference = 0F32E8852701A6A200F8BBC1 /* Tests iOS.xctest */;
			productType = "com.apple.product-type.bundle.ui-testing";
		};
		0F32E88F2701A6A200F8BBC1 /* Tests macOS */ = {
			isa = PBXNativeTarget;
			buildConfigurationList = 0F32E8A82701A6A200F8BBC1 /* Build configuration list for PBXNativeTarget "Tests macOS" */;
			buildPhases = (
				0F32E88C2701A6A200F8BBC1 /* Sources */,
				0F32E88D2701A6A200F8BBC1 /* Frameworks */,
				0F32E88E2701A6A200F8BBC1 /* Resources */,
			);
			buildRules = (
			);
			dependencies = (
				0F32E8922701A6A200F8BBC1 /* PBXTargetDependency */,
			);
			name = "Tests macOS";
			productName = "Tests macOS";
			productReference = 0F32E8902701A6A200F8BBC1 /* Tests macOS.xctest */;
			productType = "com.apple.product-type.bundle.ui-testing";
		};
/* End PBXNativeTarget section */

/* Begin PBXProject section */
		0F32E8692701A6A000F8BBC1 /* Project object */ = {
			isa = PBXProject;
			attributes = {
				LastSwiftUpdateCheck = 1240;
				LastUpgradeCheck = 1240;
				TargetAttributes = {
					0F32E8742701A6A200F8BBC1 = {
						CreatedOnToolsVersion = 12.4;
					};
					0F32E87C2701A6A200F8BBC1 = {
						CreatedOnToolsVersion = 12.4;
					};
					0F32E8842701A6A200F8BBC1 = {
						CreatedOnToolsVersion = 12.4;
						TestTargetID = 0F32E8742701A6A200F8BBC1;
					};
					0F32E88F2701A6A200F8BBC1 = {
						CreatedOnToolsVersion = 12.4;
						TestTargetID = 0F32E87C2701A6A200F8BBC1;
					};
				};
			};
			buildConfigurationList = 0F32E86C2701A6A000F8BBC1 /* Build configuration list for PBXProject "KlapzSdkIOS" */;
			compatibilityVersion = "Xcode 9.3";
			developmentRegion = en;
			hasScannedForEncodings = 0;
			knownRegions = (
				en,
				Base,
			);
			mainGroup = 0F32E8682701A6A000F8BBC1;
			packageReferences = (
				0F32E8D82701AB2200F8BBC1 /* XCRemoteSwiftPackageReference "BottomSheet" */,
			);
			productRefGroup = 0F32E8762701A6A200F8BBC1 /* Products */;
			projectDirPath = "";
			projectRoot = "";
			targets = (
				0F32E8742701A6A200F8BBC1 /* KlapzSdkIOS (iOS) */,
				0F32E87C2701A6A200F8BBC1 /* KlapzSdkIOS (macOS) */,
				0F32E8842701A6A200F8BBC1 /* Tests iOS */,
				0F32E88F2701A6A200F8BBC1 /* Tests macOS */,
			);
		};
/* End PBXProject section */

/* Begin PBXResourcesBuildPhase section */
		0F32E8732701A6A200F8BBC1 /* Resources */ = {
			isa = PBXResourcesBuildPhase;
			buildActionMask = 2147483647;
			files = (
				0F32E89B2701A6A200F8BBC1 /* Assets.xcassets in Resources */,
				0F32E8F92701B31C00F8BBC1 /* LaunchScreen.storyboard in Resources */,
			);
			runOnlyForDeploymentPostprocessing = 0;
		};
		0F32E87B2701A6A200F8BBC1 /* Resources */ = {
			isa = PBXResourcesBuildPhase;
			buildActionMask = 2147483647;
			files = (
				0F32E89C2701A6A200F8BBC1 /* Assets.xcassets in Resources */,
				0F32E8FA2701B31C00F8BBC1 /* LaunchScreen.storyboard in Resources */,
			);
			runOnlyForDeploymentPostprocessing = 0;
		};
		0F32E8832701A6A200F8BBC1 /* Resources */ = {
			isa = PBXResourcesBuildPhase;
			buildActionMask = 2147483647;
			files = (
			);
			runOnlyForDeploymentPostprocessing = 0;
		};
		0F32E88E2701A6A200F8BBC1 /* Resources */ = {
			isa = PBXResourcesBuildPhase;
			buildActionMask = 2147483647;
			files = (
			);
			runOnlyForDeploymentPostprocessing = 0;
		};
/* End PBXResourcesBuildPhase section */

/* Begin PBXSourcesBuildPhase section */
		0F32E8712701A6A200F8BBC1 /* Sources */ = {
			isa = PBXSourcesBuildPhase;
			buildActionMask = 2147483647;
			files = (
				0F32E8EC2701B2B900F8BBC1 /* AppDelegate.swift in Sources */,
				0F32E8CD2701A7FE00F8BBC1 /* View.swift in Sources */,
				0F32E8CF2701A7FE00F8BBC1 /* ExampleBottomSheetView.swift in Sources */,
				0F32E8CB2701A7FE00F8BBC1 /* ViewController.swift in Sources */,
				0F32E8D12701A7FE00F8BBC1 /* ViewModel.swift in Sources */,
			);
			runOnlyForDeploymentPostprocessing = 0;
		};
		0F32E8792701A6A200F8BBC1 /* Sources */ = {
			isa = PBXSourcesBuildPhase;
			buildActionMask = 2147483647;
			files = (
			);
			runOnlyForDeploymentPostprocessing = 0;
		};
		0F32E8812701A6A200F8BBC1 /* Sources */ = {
			isa = PBXSourcesBuildPhase;
			buildActionMask = 2147483647;
			files = (
				0F32E88A2701A6A200F8BBC1 /* Tests_iOS.swift in Sources */,
			);
			runOnlyForDeploymentPostprocessing = 0;
		};
		0F32E88C2701A6A200F8BBC1 /* Sources */ = {
			isa = PBXSourcesBuildPhase;
			buildActionMask = 2147483647;
			files = (
				0F32E8952701A6A200F8BBC1 /* Tests_macOS.swift in Sources */,
			);
			runOnlyForDeploymentPostprocessing = 0;
		};
/* End PBXSourcesBuildPhase section */

/* Begin PBXTargetDependency section */
		0F32E8872701A6A200F8BBC1 /* PBXTargetDependency */ = {
			isa = PBXTargetDependency;
			target = 0F32E8742701A6A200F8BBC1 /* KlapzSdkIOS (iOS) */;
			targetProxy = 0F32E8862701A6A200F8BBC1 /* PBXContainerItemProxy */;
		};
		0F32E8922701A6A200F8BBC1 /* PBXTargetDependency */ = {
			isa = PBXTargetDependency;
			target = 0F32E87C2701A6A200F8BBC1 /* KlapzSdkIOS (macOS) */;
			targetProxy = 0F32E8912701A6A200F8BBC1 /* PBXContainerItemProxy */;
		};
/* End PBXTargetDependency section */

/* Begin PBXVariantGroup section */
		0F32E8F72701B31C00F8BBC1 /* LaunchScreen.storyboard */ = {
			isa = PBXVariantGroup;
			children = (
				0F32E8F82701B31C00F8BBC1 /* Base */,
			);
			name = LaunchScreen.storyboard;
			sourceTree = "<group>";
		};
/* End PBXVariantGroup section */

/* Begin XCBuildConfiguration section */
		0F32E89D2701A6A200F8BBC1 /* Debug */ = {
			isa = XCBuildConfiguration;
			buildSettings = {
				ALWAYS_SEARCH_USER_PATHS = NO;
				CLANG_ANALYZER_NONNULL = YES;
				CLANG_ANALYZER_NUMBER_OBJECT_CONVERSION = YES_AGGRESSIVE;
				CLANG_CXX_LANGUAGE_STANDARD = "gnu++14";
				CLANG_CXX_LIBRARY = "libc++";
				CLANG_ENABLE_MODULES = YES;
				CLANG_ENABLE_OBJC_ARC = YES;
				CLANG_ENABLE_OBJC_WEAK = YES;
				CLANG_WARN_BLOCK_CAPTURE_AUTORELEASING = YES;
				CLANG_WARN_BOOL_CONVERSION = YES;
				CLANG_WARN_COMMA = YES;
				CLANG_WARN_CONSTANT_CONVERSION = YES;
				CLANG_WARN_DEPRECATED_OBJC_IMPLEMENTATIONS = YES;
				CLANG_WARN_DIRECT_OBJC_ISA_USAGE = YES_ERROR;
				CLANG_WARN_DOCUMENTATION_COMMENTS = YES;
				CLANG_WARN_EMPTY_BODY = YES;
				CLANG_WARN_ENUM_CONVERSION = YES;
				CLANG_WARN_INFINITE_RECURSION = YES;
				CLANG_WARN_INT_CONVERSION = YES;
				CLANG_WARN_NON_LITERAL_NULL_CONVERSION = YES;
				CLANG_WARN_OBJC_IMPLICIT_RETAIN_SELF = YES;
				CLANG_WARN_OBJC_LITERAL_CONVERSION = YES;
				CLANG_WARN_OBJC_ROOT_CLASS = YES_ERROR;
				CLANG_WARN_QUOTED_INCLUDE_IN_FRAMEWORK_HEADER = YES;
				CLANG_WARN_RANGE_LOOP_ANALYSIS = YES;
				CLANG_WARN_STRICT_PROTOTYPES = YES;
				CLANG_WARN_SUSPICIOUS_MOVE = YES;
				CLANG_WARN_UNGUARDED_AVAILABILITY = YES_AGGRESSIVE;
				CLANG_WARN_UNREACHABLE_CODE = YES;
				CLANG_WARN__DUPLICATE_METHOD_MATCH = YES;
				COPY_PHASE_STRIP = NO;
				DEBUG_INFORMATION_FORMAT = dwarf;
				ENABLE_STRICT_OBJC_MSGSEND = YES;
				ENABLE_TESTABILITY = YES;
				GCC_C_LANGUAGE_STANDARD = gnu11;
				GCC_DYNAMIC_NO_PIC = NO;
				GCC_NO_COMMON_BLOCKS = YES;
				GCC_OPTIMIZATION_LEVEL = 0;
				GCC_PREPROCESSOR_DEFINITIONS = (
					"DEBUG=1",
					"$(inherited)",
				);
				GCC_WARN_64_TO_32_BIT_CONVERSION = YES;
				GCC_WARN_ABOUT_RETURN_TYPE = YES_ERROR;
				GCC_WARN_UNDECLARED_SELECTOR = YES;
				GCC_WARN_UNINITIALIZED_AUTOS = YES_AGGRESSIVE;
				GCC_WARN_UNUSED_FUNCTION = YES;
				GCC_WARN_UNUSED_VARIABLE = YES;
				MTL_ENABLE_DEBUG_INFO = INCLUDE_SOURCE;
				MTL_FAST_MATH = YES;
				ONLY_ACTIVE_ARCH = YES;
				SWIFT_ACTIVE_COMPILATION_CONDITIONS = DEBUG;
				SWIFT_OPTIMIZATION_LEVEL = "-Onone";
			};
			name = Debug;
		};
		0F32E89E2701A6A200F8BBC1 /* Release */ = {
			isa = XCBuildConfiguration;
			buildSettings = {
				ALWAYS_SEARCH_USER_PATHS = NO;
				CLANG_ANALYZER_NONNULL = YES;
				CLANG_ANALYZER_NUMBER_OBJECT_CONVERSION = YES_AGGRESSIVE;
				CLANG_CXX_LANGUAGE_STANDARD = "gnu++14";
				CLANG_CXX_LIBRARY = "libc++";
				CLANG_ENABLE_MODULES = YES;
				CLANG_ENABLE_OBJC_ARC = YES;
				CLANG_ENABLE_OBJC_WEAK = YES;
				CLANG_WARN_BLOCK_CAPTURE_AUTORELEASING = YES;
				CLANG_WARN_BOOL_CONVERSION = YES;
				CLANG_WARN_COMMA = YES;
				CLANG_WARN_CONSTANT_CONVERSION = YES;
				CLANG_WARN_DEPRECATED_OBJC_IMPLEMENTATIONS = YES;
				CLANG_WARN_DIRECT_OBJC_ISA_USAGE = YES_ERROR;
				CLANG_WARN_DOCUMENTATION_COMMENTS = YES;
				CLANG_WARN_EMPTY_BODY = YES;
				CLANG_WARN_ENUM_CONVERSION = YES;
				CLANG_WARN_INFINITE_RECURSION = YES;
				CLANG_WARN_INT_CONVERSION = YES;
				CLANG_WARN_NON_LITERAL_NULL_CONVERSION = YES;
				CLANG_WARN_OBJC_IMPLICIT_RETAIN_SELF = YES;
				CLANG_WARN_OBJC_LITERAL_CONVERSION = YES;
				CLANG_WARN_OBJC_ROOT_CLASS = YES_ERROR;
				CLANG_WARN_QUOTED_INCLUDE_IN_FRAMEWORK_HEADER = YES;
				CLANG_WARN_RANGE_LOOP_ANALYSIS = YES;
				CLANG_WARN_STRICT_PROTOTYPES = YES;
				CLANG_WARN_SUSPICIOUS_MOVE = YES;
				CLANG_WARN_UNGUARDED_AVAILABILITY = YES_AGGRESSIVE;
				CLANG_WARN_UNREACHABLE_CODE = YES;
				CLANG_WARN__DUPLICATE_METHOD_MATCH = YES;
				COPY_PHASE_STRIP = NO;
				DEBUG_INFORMATION_FORMAT = "dwarf-with-dsym";
				ENABLE_NS_ASSERTIONS = NO;
				ENABLE_STRICT_OBJC_MSGSEND = YES;
				GCC_C_LANGUAGE_STANDARD = gnu11;
				GCC_NO_COMMON_BLOCKS = YES;
				GCC_WARN_64_TO_32_BIT_CONVERSION = YES;
				GCC_WARN_ABOUT_RETURN_TYPE = YES_ERROR;
				GCC_WARN_UNDECLARED_SELECTOR = YES;
				GCC_WARN_UNINITIALIZED_AUTOS = YES_AGGRESSIVE;
				GCC_WARN_UNUSED_FUNCTION = YES;
				GCC_WARN_UNUSED_VARIABLE = YES;
				MTL_ENABLE_DEBUG_INFO = NO;
				MTL_FAST_MATH = YES;
				SWIFT_COMPILATION_MODE = wholemodule;
				SWIFT_OPTIMIZATION_LEVEL = "-O";
			};
			name = Release;
		};
		0F32E8A02701A6A200F8BBC1 /* Debug */ = {
			isa = XCBuildConfiguration;
			buildSettings = {
				ASSETCATALOG_COMPILER_APPICON_NAME = AppIcon;
				ASSETCATALOG_COMPILER_GLOBAL_ACCENT_COLOR_NAME = AccentColor;
				CODE_SIGN_STYLE = Automatic;
				DEVELOPMENT_TEAM = FN97Q79A7H;
				ENABLE_PREVIEWS = YES;
				INFOPLIST_FILE = iOS/Info.plist;
				IPHONEOS_DEPLOYMENT_TARGET = 14.0;
				LD_RUNPATH_SEARCH_PATHS = (
					"$(inherited)",
					"@executable_path/Frameworks",
				);
				PRODUCT_BUNDLE_IDENTIFIER = com.klapsdk.ios.KlapzSdkIOS;
				PRODUCT_NAME = KlapzSdkIOS;
				SDKROOT = iphoneos;
				SWIFT_VERSION = 5.0;
				TARGETED_DEVICE_FAMILY = 1;
			};
			name = Debug;
		};
		0F32E8A12701A6A200F8BBC1 /* Release */ = {
			isa = XCBuildConfiguration;
			buildSettings = {
				ASSETCATALOG_COMPILER_APPICON_NAME = AppIcon;
				ASSETCATALOG_COMPILER_GLOBAL_ACCENT_COLOR_NAME = AccentColor;
				CODE_SIGN_STYLE = Automatic;
				DEVELOPMENT_TEAM = FN97Q79A7H;
				ENABLE_PREVIEWS = YES;
				INFOPLIST_FILE = iOS/Info.plist;
				IPHONEOS_DEPLOYMENT_TARGET = 14.0;
				LD_RUNPATH_SEARCH_PATHS = (
					"$(inherited)",
					"@executable_path/Frameworks",
				);
				PRODUCT_BUNDLE_IDENTIFIER = com.klapsdk.ios.KlapzSdkIOS;
				PRODUCT_NAME = KlapzSdkIOS;
				SDKROOT = iphoneos;
				SWIFT_VERSION = 5.0;
				TARGETED_DEVICE_FAMILY = 1;
				VALIDATE_PRODUCT = YES;
			};
			name = Release;
		};
		0F32E8A32701A6A200F8BBC1 /* Debug */ = {
			isa = XCBuildConfiguration;
			buildSettings = {
				ASSETCATALOG_COMPILER_APPICON_NAME = AppIcon;
				ASSETCATALOG_COMPILER_GLOBAL_ACCENT_COLOR_NAME = AccentColor;
				CODE_SIGN_ENTITLEMENTS = macOS/macOS.entitlements;
				CODE_SIGN_STYLE = Automatic;
				COMBINE_HIDPI_IMAGES = YES;
				DEVELOPMENT_TEAM = FN97Q79A7H;
				ENABLE_HARDENED_RUNTIME = YES;
				ENABLE_PREVIEWS = YES;
				INFOPLIST_FILE = macOS/Info.plist;
				LD_RUNPATH_SEARCH_PATHS = (
					"$(inherited)",
					"@executable_path/../Frameworks",
				);
				MACOSX_DEPLOYMENT_TARGET = 11.0;
				PRODUCT_BUNDLE_IDENTIFIER = com.klapsdk.ios.KlapzSdkIOS;
				PRODUCT_NAME = KlapzSdkIOS;
				SDKROOT = macosx;
				SWIFT_VERSION = 5.0;
			};
			name = Debug;
		};
		0F32E8A42701A6A200F8BBC1 /* Release */ = {
			isa = XCBuildConfiguration;
			buildSettings = {
				ASSETCATALOG_COMPILER_APPICON_NAME = AppIcon;
				ASSETCATALOG_COMPILER_GLOBAL_ACCENT_COLOR_NAME = AccentColor;
				CODE_SIGN_ENTITLEMENTS = macOS/macOS.entitlements;
				CODE_SIGN_STYLE = Automatic;
				COMBINE_HIDPI_IMAGES = YES;
				DEVELOPMENT_TEAM = FN97Q79A7H;
				ENABLE_HARDENED_RUNTIME = YES;
				ENABLE_PREVIEWS = YES;
				INFOPLIST_FILE = macOS/Info.plist;
				LD_RUNPATH_SEARCH_PATHS = (
					"$(inherited)",
					"@executable_path/../Frameworks",
				);
				MACOSX_DEPLOYMENT_TARGET = 11.0;
				PRODUCT_BUNDLE_IDENTIFIER = com.klapsdk.ios.KlapzSdkIOS;
				PRODUCT_NAME = KlapzSdkIOS;
				SDKROOT = macosx;
				SWIFT_VERSION = 5.0;
			};
			name = Release;
		};
		0F32E8A62701A6A200F8BBC1 /* Debug */ = {
			isa = XCBuildConfiguration;
			buildSettings = {
				ALWAYS_EMBED_SWIFT_STANDARD_LIBRARIES = YES;
				CODE_SIGN_STYLE = Automatic;
				DEVELOPMENT_TEAM = FN97Q79A7H;
				INFOPLIST_FILE = "Tests iOS/Info.plist";
				IPHONEOS_DEPLOYMENT_TARGET = 14.4;
				LD_RUNPATH_SEARCH_PATHS = (
					"$(inherited)",
					"@executable_path/Frameworks",
					"@loader_path/Frameworks",
				);
				PRODUCT_BUNDLE_IDENTIFIER = "com.klapsdk.ios.Tests-iOS";
				PRODUCT_NAME = "$(TARGET_NAME)";
				SDKROOT = iphoneos;
				SWIFT_VERSION = 5.0;
				TARGETED_DEVICE_FAMILY = "1,2";
				TEST_TARGET_NAME = "KlapzSdkIOS (iOS)";
			};
			name = Debug;
		};
		0F32E8A72701A6A200F8BBC1 /* Release */ = {
			isa = XCBuildConfiguration;
			buildSettings = {
				ALWAYS_EMBED_SWIFT_STANDARD_LIBRARIES = YES;
				CODE_SIGN_STYLE = Automatic;
				DEVELOPMENT_TEAM = FN97Q79A7H;
				INFOPLIST_FILE = "Tests iOS/Info.plist";
				IPHONEOS_DEPLOYMENT_TARGET = 14.4;
				LD_RUNPATH_SEARCH_PATHS = (
					"$(inherited)",
					"@executable_path/Frameworks",
					"@loader_path/Frameworks",
				);
				PRODUCT_BUNDLE_IDENTIFIER = "com.klapsdk.ios.Tests-iOS";
				PRODUCT_NAME = "$(TARGET_NAME)";
				SDKROOT = iphoneos;
				SWIFT_VERSION = 5.0;
				TARGETED_DEVICE_FAMILY = "1,2";
				TEST_TARGET_NAME = "KlapzSdkIOS (iOS)";
				VALIDATE_PRODUCT = YES;
			};
			name = Release;
		};
		0F32E8A92701A6A200F8BBC1 /* Debug */ = {
			isa = XCBuildConfiguration;
			buildSettings = {
				CODE_SIGN_STYLE = Automatic;
				COMBINE_HIDPI_IMAGES = YES;
				DEVELOPMENT_TEAM = FN97Q79A7H;
				INFOPLIST_FILE = "Tests macOS/Info.plist";
				LD_RUNPATH_SEARCH_PATHS = (
					"$(inherited)",
					"@executable_path/../Frameworks",
					"@loader_path/../Frameworks",
				);
				MACOSX_DEPLOYMENT_TARGET = 10.15;
				PRODUCT_BUNDLE_IDENTIFIER = "com.klapsdk.ios.Tests-macOS";
				PRODUCT_NAME = "$(TARGET_NAME)";
				SDKROOT = macosx;
				SWIFT_VERSION = 5.0;
				TEST_TARGET_NAME = "KlapzSdkIOS (macOS)";
			};
			name = Debug;
		};
		0F32E8AA2701A6A200F8BBC1 /* Release */ = {
			isa = XCBuildConfiguration;
			buildSettings = {
				CODE_SIGN_STYLE = Automatic;
				COMBINE_HIDPI_IMAGES = YES;
				DEVELOPMENT_TEAM = FN97Q79A7H;
				INFOPLIST_FILE = "Tests macOS/Info.plist";
				LD_RUNPATH_SEARCH_PATHS = (
					"$(inherited)",
					"@executable_path/../Frameworks",
					"@loader_path/../Frameworks",
				);
				MACOSX_DEPLOYMENT_TARGET = 10.15;
				PRODUCT_BUNDLE_IDENTIFIER = "com.klapsdk.ios.Tests-macOS";
				PRODUCT_NAME = "$(TARGET_NAME)";
				SDKROOT = macosx;
				SWIFT_VERSION = 5.0;
				TEST_TARGET_NAME = "KlapzSdkIOS (macOS)";
			};
			name = Release;
		};
/* End XCBuildConfiguration section */

/* Begin XCConfigurationList section */
		0F32E86C2701A6A000F8BBC1 /* Build configuration list for PBXProject "KlapzSdkIOS" */ = {
			isa = XCConfigurationList;
			buildConfigurations = (
				0F32E89D2701A6A200F8BBC1 /* Debug */,
				0F32E89E2701A6A200F8BBC1 /* Release */,
			);
			defaultConfigurationIsVisible = 0;
			defaultConfigurationName = Release;
		};
		0F32E89F2701A6A200F8BBC1 /* Build configuration list for PBXNativeTarget "KlapzSdkIOS (iOS)" */ = {
			isa = XCConfigurationList;
			buildConfigurations = (
				0F32E8A02701A6A200F8BBC1 /* Debug */,
				0F32E8A12701A6A200F8BBC1 /* Release */,
			);
			defaultConfigurationIsVisible = 0;
			defaultConfigurationName = Release;
		};
		0F32E8A22701A6A200F8BBC1 /* Build configuration list for PBXNativeTarget "KlapzSdkIOS (macOS)" */ = {
			isa = XCConfigurationList;
			buildConfigurations = (
				0F32E8A32701A6A200F8BBC1 /* Debug */,
				0F32E8A42701A6A200F8BBC1 /* Release */,
			);
			defaultConfigurationIsVisible = 0;
			defaultConfigurationName = Release;
		};
		0F32E8A52701A6A200F8BBC1 /* Build configuration list for PBXNativeTarget "Tests iOS" */ = {
			isa = XCConfigurationList;
			buildConfigurations = (
				0F32E8A62701A6A200F8BBC1 /* Debug */,
				0F32E8A72701A6A200F8BBC1 /* Release */,
			);
			defaultConfigurationIsVisible = 0;
			defaultConfigurationName = Release;
		};
		0F32E8A82701A6A200F8BBC1 /* Build configuration list for PBXNativeTarget "Tests macOS" */ = {
			isa = XCConfigurationList;
			buildConfigurations = (
				0F32E8A92701A6A200F8BBC1 /* Debug */,
				0F32E8AA2701A6A200F8BBC1 /* Release */,
			);
			defaultConfigurationIsVisible = 0;
			defaultConfigurationName = Release;
		};
/* End XCConfigurationList section */

/* Begin XCRemoteSwiftPackageReference section */
		0F32E8D82701AB2200F8BBC1 /* XCRemoteSwiftPackageReference "BottomSheet" */ = {
			isa = XCRemoteSwiftPackageReference;
			repositoryURL = "https://github.com/gaetanomatonti/BottomSheet";
			requirement = {
				kind = upToNextMajorVersion;
				minimumVersion = 0.3.0;
			};
		};
/* End XCRemoteSwiftPackageReference section */

/* Begin XCSwiftPackageProductDependency section */
		0F32E8D92701AB2200F8BBC1 /* BottomSheet */ = {
			isa = XCSwiftPackageProductDependency;
			package = 0F32E8D82701AB2200F8BBC1 /* XCRemoteSwiftPackageReference "BottomSheet" */;
			productName = BottomSheet;
		};
/* End XCSwiftPackageProductDependency section */
	};
	rootObject = 0F32E8692701A6A000F8BBC1 /* Project object */;
}
